
Microsoft Visual Studio Solution File, Format Version 12.00
# Visual Studio Version 17
VisualStudioVersion = 17.8.34511.84
MinimumVisualStudioVersion = 10.0.40219.1
Project("{FAE04EC0-301F-11D3-BF4B-00C04F79EFBC}") = "Problem01", "Problem01\Problem01.csproj", "{DCE8B01B-DFDD-476B-9606-9259FBBE269E}"
EndProject
Project("{FAE04EC0-301F-11D3-BF4B-00C04F79EFBC}") = "Problem02", "Problem02\Problem02.csproj", "{3C46D433-FEDE-4AEF-9C30-674056F46AF8}"
EndProject
Project("{FAE04EC0-301F-11D3-BF4B-00C04F79EFBC}") = "Problem03", "Problem03\Problem03.csproj", "{B2D185B5-F651-4648-9D42-0FF3F52C8868}"
EndProject
Project("{FAE04EC0-301F-11D3-BF4B-00C04F79EFBC}") = "Problem04", "Problem04\Problem04.csproj", "{E5E8BC1B-9508-4E41-956B-097A8947D0C2}"
EndProject
Global
	GlobalSection(SolutionConfigurationPlatforms) = preSolution
		Debug|Any CPU = Debug|Any CPU
		Release|Any CPU = Release|Any CPU
	EndGlobalSection
	GlobalSection(ProjectConfigurationPlatforms) = postSolution
		{DCE8B01B-DFDD-476B-9606-9259FBBE269E}.Debug|Any CPU.ActiveCfg = Debug|Any CPU
		{DCE8B01B-DFDD-476B-9606-9259FBBE269E}.Debug|Any CPU.Build.0 = Debug|Any CPU
		{DCE8B01B-DFDD-476B-9606-9259FBBE269E}.Release|Any CPU.ActiveCfg = Release|Any CPU
		{DCE8B01B-DFDD-476B-9606-9259FBBE269E}.Release|Any CPU.Build.0 = Release|Any CPU
		{3C46D433-FEDE-4AEF-9C30-674056F46AF8}.Debug|Any CPU.ActiveCfg = Debug|Any CPU
		{3C46D433-FEDE-4AEF-9C30-674056F46AF8}.Debug|Any CPU.Build.0 = Debug|Any CPU
		{3C46D433-FEDE-4AEF-9C30-674056F46AF8}.Release|Any CPU.ActiveCfg = Release|Any CPU
		{3C46D433-FEDE-4AEF-9C30-674056F46AF8}.Release|Any CPU.Build.0 = Release|Any CPU
		{B2D185B5-F651-4648-9D42-0FF3F52C8868}.Debug|Any CPU.ActiveCfg = Debug|Any CPU
		{B2D185B5-F651-4648-9D42-0FF3F52C8868}.Debug|Any CPU.Build.0 = Debug|Any CPU
		{B2D185B5-F651-4648-9D42-0FF3F52C8868}.Release|Any CPU.ActiveCfg = Release|Any CPU
		{B2D185B5-F651-4648-9D42-0FF3F52C8868}.Release|Any CPU.Build.0 = Release|Any CPU
		{E5E8BC1B-9508-4E41-956B-097A8947D0C2}.Debug|Any CPU.ActiveCfg = Debug|Any CPU
		{E5E8BC1B-9508-4E41-956B-097A8947D0C2}.Debug|Any CPU.Build.0 = Debug|Any CPU
		{E5E8BC1B-9508-4E41-956B-097A8947D0C2}.Release|Any CPU.ActiveCfg = Release|Any CPU
		{E5E8BC1B-9508-4E41-956B-097A8947D0C2}.Release|Any CPU.Build.0 = Release|Any CPU
	EndGlobalSection
	GlobalSection(SolutionProperties) = preSolution
		HideSolutionNode = FALSE
	EndGlobalSection
	GlobalSection(ExtensibilityGlobals) = postSolution
		SolutionGuid = {B384D4AB-2648-4614-9F21-FB699BFEE4EF}
	EndGlobalSection
EndGlobal
